PODS:
  - Flutter (1.0.0)
  - flutter_device_friendly_name (0.0.1):
    - Flutter

DEPENDENCIES:
  - Flutter (from `.symlinks/flutter/ios`)
  - flutter_device_friendly_name (from `.symlinks/plugins/flutter_device_friendly_name/ios`)

EXTERNAL SOURCES:
  Flutter:
    :path: ".symlinks/flutter/ios"
  flutter_device_friendly_name:
    :path: ".symlinks/plugins/flutter_device_friendly_name/ios"

SPEC CHECKSUMS:
  Flutter: 58dd7d1b27887414a370fcccb9e645c08ffd7a6a
  flutter_device_friendly_name: ff9a85f9179bb9057586f5f75a26db1390aca64d

PODFILE CHECKSUM: 7fb83752f59ead6285236625b82473f90b1cb932

COCOAPODS: 1.7.4
